
Microsoft Visual Studio Solution File, Format Version 12.00
# Visual Studio 15
VisualStudioVersion = 15.0.28307.168
MinimumVisualStudioVersion = 10.0.40219.1
Project("{2150E333-8FDC-42A3-9474-1A3956D46DE8}") = "FaderPort", "FaderPort", "{3B25FC89-2F8A-4AF2-A6C6-AC15BE9A7A57}"
	ProjectSection(SolutionItems) = preProject
		.gitattributes = .gitattributes
		.gitignore = .gitignore
		FADERPORT.control.js = FADERPORT.control.js
		mcu_display.js = mcu_display.js
		mcu_encoders.js = mcu_encoders.js
		mcu_var.js = mcu_var.js
	EndProjectSection
EndProject
Global
	GlobalSection(SolutionProperties) = preSolution
		HideSolutionNode = FALSE
	EndGlobalSection
	GlobalSection(ExtensibilityGlobals) = postSolution
		SolutionGuid = {49C56250-3522-4F9A-8385-0AAA851CAA8F}
	EndGlobalSection
EndGlobal
